<Solution>
  <Folder Name="/src/">
    <Project Path="src/Navs.Avalonia/Navs.Avalonia.fsproj" />
    <Project Path="src/Navs.FuncUI/Navs.FuncUI.fsproj" />
    <Project Path="src/Navs.Terminal.Gui/Navs.Terminal.Gui.fsproj" />
    <Project Path="src/Navs/Navs.fsproj" />
    <Project Path="src/UrlTemplates/UrlTemplates.fsproj" />
    <Project Path="src/Navs.Tests/Navs.Tests.fsproj" />
    <Project Path="src/UrlTemplates.Tests/UrlTemplates.Tests.fsproj" />
  </Folder>
</Solution>
