
Microsoft Visual Studio Solution File, Format Version 12.00
# Visual Studio Version 17
VisualStudioVersion = 17.0.31903.59
MinimumVisualStudioVersion = 10.0.40219.1
Project("{6EC3EE1D-3C4E-46DD-8F32-0CC8E7565705}") = "Routerish", "Routerish\Routerish.fsproj", "{C72ADAB3-DF7C-4038-A648-74633FB0261C}"
EndProject
Project("{9A19103F-16F7-4668-BE54-9A1E7A4F7556}") = "CSharpToo", "CSharpToo\CSharpToo.csproj", "{EEB5F596-B8B6-4A0C-B46C-F96B580E0917}"
EndProject
Global
	GlobalSection(SolutionConfigurationPlatforms) = preSolution
		Debug|Any CPU = Debug|Any CPU
		Release|Any CPU = Release|Any CPU
	EndGlobalSection
	GlobalSection(ProjectConfigurationPlatforms) = postSolution
		{C72ADAB3-DF7C-4038-A648-74633FB0261C}.Debug|Any CPU.ActiveCfg = Debug|Any CPU
		{C72ADAB3-DF7C-4038-A648-74633FB0261C}.Debug|Any CPU.Build.0 = Debug|Any CPU
		{C72ADAB3-DF7C-4038-A648-74633FB0261C}.Release|Any CPU.ActiveCfg = Release|Any CPU
		{C72ADAB3-DF7C-4038-A648-74633FB0261C}.Release|Any CPU.Build.0 = Release|Any CPU
		{EEB5F596-B8B6-4A0C-B46C-F96B580E0917}.Debug|Any CPU.ActiveCfg = Debug|Any CPU
		{EEB5F596-B8B6-4A0C-B46C-F96B580E0917}.Debug|Any CPU.Build.0 = Debug|Any CPU
		{EEB5F596-B8B6-4A0C-B46C-F96B580E0917}.Release|Any CPU.ActiveCfg = Release|Any CPU
		{EEB5F596-B8B6-4A0C-B46C-F96B580E0917}.Release|Any CPU.Build.0 = Release|Any CPU
	EndGlobalSection
	GlobalSection(SolutionProperties) = preSolution
		HideSolutionNode = FALSE
	EndGlobalSection
	GlobalSection(ExtensibilityGlobals) = postSolution
		SolutionGuid = {632BFDE6-CD8C-4174-B3EC-4ABF88BB475E}
	EndGlobalSection
EndGlobal
