<Solution>
  <Configurations>
    <Platform Name="Any CPU" />
    <Platform Name="x64" />
    <Platform Name="x86" />
  </Configurations>
  <Project Path="CSharpToo/CSharpToo.csproj" />
  <Project Path="FuncUI/FuncUI.fsproj" />
  <Project Path="NxuiDeclarative/NxuiDeclarative.fsproj" />
  <Project Path="Routerish/Routerish.fsproj" />
  <Project Path="TGUI/TGUI.fsproj" />
</Solution>
